
Microsoft Visual Studio Solution File, Format Version 12.00
# Visual Studio Version 16
VisualStudioVersion = 16.0.30907.101
MinimumVisualStudioVersion = 10.0.40219.1
Project("{FAE04EC0-301F-11D3-BF4B-00C04F79EFBC}") = "NPL.M.A003.Exercise1", "NPL.M.A003.Exercise1\NPL.M.A003.Exercise1.csproj", "{027B6109-B4D4-43E7-86A2-8B0F15D88883}"
EndProject
Project("{FAE04EC0-301F-11D3-BF4B-00C04F79EFBC}") = "NPL.M.A003.Exercise2", "NPL.M.A003.Exercise2\NPL.M.A003.Exercise2.csproj", "{17C58D2D-9D04-4C8E-BF36-C9C09E566A0E}"
EndProject
Global
	GlobalSection(SolutionConfigurationPlatforms) = preSolution
		Debug|Any CPU = Debug|Any CPU
		Release|Any CPU = Release|Any CPU
	EndGlobalSection
	GlobalSection(ProjectConfigurationPlatforms) = postSolution
		{027B6109-B4D4-43E7-86A2-8B0F15D88883}.Debug|Any CPU.ActiveCfg = Debug|Any CPU
		{027B6109-B4D4-43E7-86A2-8B0F15D88883}.Debug|Any CPU.Build.0 = Debug|Any CPU
		{027B6109-B4D4-43E7-86A2-8B0F15D88883}.Release|Any CPU.ActiveCfg = Release|Any CPU
		{027B6109-B4D4-43E7-86A2-8B0F15D88883}.Release|Any CPU.Build.0 = Release|Any CPU
		{17C58D2D-9D04-4C8E-BF36-C9C09E566A0E}.Debug|Any CPU.ActiveCfg = Debug|Any CPU
		{17C58D2D-9D04-4C8E-BF36-C9C09E566A0E}.Debug|Any CPU.Build.0 = Debug|Any CPU
		{17C58D2D-9D04-4C8E-BF36-C9C09E566A0E}.Release|Any CPU.ActiveCfg = Release|Any CPU
		{17C58D2D-9D04-4C8E-BF36-C9C09E566A0E}.Release|Any CPU.Build.0 = Release|Any CPU
	EndGlobalSection
	GlobalSection(SolutionProperties) = preSolution
		HideSolutionNode = FALSE
	EndGlobalSection
	GlobalSection(ExtensibilityGlobals) = postSolution
		SolutionGuid = {B1AF77E2-59E6-4D83-9CEE-0D70F3DD0BCD}
	EndGlobalSection
EndGlobal
